
Microsoft Visual Studio Solution File, Format Version 12.00
Project("{FAE04EC0-301F-11D3-BF4B-00C04F79EFBC}") = "AspNetCoreIdentityApp.Web", "AspNetCoreIdentityApp.Web\AspNetCoreIdentityApp.Web.csproj", "{ACEAAF76-0F6E-442E-860A-5F96251BF340}"
EndProject
Global
	GlobalSection(SolutionConfigurationPlatforms) = preSolution
		Debug|Any CPU = Debug|Any CPU
		Release|Any CPU = Release|Any CPU
	EndGlobalSection
	GlobalSection(ProjectConfigurationPlatforms) = postSolution
		{ACEAAF76-0F6E-442E-860A-5F96251BF340}.Debug|Any CPU.ActiveCfg = Debug|Any CPU
		{ACEAAF76-0F6E-442E-860A-5F96251BF340}.Debug|Any CPU.Build.0 = Debug|Any CPU
		{ACEAAF76-0F6E-442E-860A-5F96251BF340}.Release|Any CPU.ActiveCfg = Release|Any CPU
		{ACEAAF76-0F6E-442E-860A-5F96251BF340}.Release|Any CPU.Build.0 = Release|Any CPU
	EndGlobalSection
EndGlobal
